
Microsoft Visual Studio Solution File, Format Version 12.00
# Visual Studio Version 16
VisualStudioVersion = 16.0.30503.244
MinimumVisualStudioVersion = 10.0.40219.1
Project("{FAE04EC0-301F-11D3-BF4B-00C04F79EFBC}") = "AspMVC", "AspMVC\AspMVC.csproj", "{9F6CE11E-FC10-440A-BEEC-59DD26024B1C}"
EndProject
Global
	GlobalSection(SolutionConfigurationPlatforms) = preSolution
		Debug|Any CPU = Debug|Any CPU
		Release|Any CPU = Release|Any CPU
	EndGlobalSection
	GlobalSection(ProjectConfigurationPlatforms) = postSolution
		{9F6CE11E-FC10-440A-BEEC-59DD26024B1C}.Debug|Any CPU.ActiveCfg = Debug|Any CPU
		{9F6CE11E-FC10-440A-BEEC-59DD26024B1C}.Debug|Any CPU.Build.0 = Debug|Any CPU
		{9F6CE11E-FC10-440A-BEEC-59DD26024B1C}.Release|Any CPU.ActiveCfg = Release|Any CPU
		{9F6CE11E-FC10-440A-BEEC-59DD26024B1C}.Release|Any CPU.Build.0 = Release|Any CPU
	EndGlobalSection
	GlobalSection(SolutionProperties) = preSolution
		HideSolutionNode = FALSE
	EndGlobalSection
	GlobalSection(ExtensibilityGlobals) = postSolution
		SolutionGuid = {BCB8DA15-C919-473E-A611-1FD900003C56}
	EndGlobalSection
EndGlobal
